// !$*UTF8*$!
{
	archiveVersion = 1;
	classes = {
	};
	objectVersion = 46;
	objects = {
/* Begin PBXBuildFile section */
		0207DA581B56EA530066E2B4 /* Images.xcassets in Resources */ = {isa = PBXBuildFile; fileRef = 0207DA571B56EA530066E2B4 /* Images.xcassets */; };
		1D3623260D0F684500981E51 /* AppDelegate.m in Sources */ = {isa = PBXBuildFile; fileRef = 1D3623250D0F684500981E51 /* AppDelegate.m */; };
		1D60589B0D05DD56006BFB54 /* main.m in Sources */ = {isa = PBXBuildFile; fileRef = 29B97316FDCFA39411CA2CEA /* main.m */; };
		301BF552109A68D80062928A /* libCordova.a in Frameworks */ = {isa = PBXBuildFile; fileRef = 301BF535109A57CC0062928A /* libCordova.a */; };
		302D95F114D2391D003F00A1 /* MainViewController.m in Sources */ = {isa = PBXBuildFile; fileRef = 302D95EF14D2391D003F00A1 /* MainViewController.m */; };
		302D95F214D2391D003F00A1 /* MainViewController.xib in Resources */ = {isa = PBXBuildFile; fileRef = 302D95F014D2391D003F00A1 /* MainViewController.xib */; };
		3047A5121AB8059700498E2A /* build-debug.xcconfig in Resources */ = {isa = PBXBuildFile; fileRef = 3047A50F1AB8059700498E2A /* build-debug.xcconfig */; };
		3047A5131AB8059700498E2A /* build-release.xcconfig in Resources */ = {isa = PBXBuildFile; fileRef = 3047A5101AB8059700498E2A /* build-release.xcconfig */; };
		3047A5141AB8059700498E2A /* build.xcconfig in Resources */ = {isa = PBXBuildFile; fileRef = 3047A5111AB8059700498E2A /* build.xcconfig */; };
		6AFF5BF91D6E424B00AB3073 /* CDVLaunchScreen.storyboard in Resources */ = {isa = PBXBuildFile; fileRef = 6AFF5BF81D6E424B00AB3073 /* CDVLaunchScreen.storyboard */; };
		ACE590FC368E4F88A14736DC /* CDVDevice.m in Sources */ = {isa = PBXBuildFile; fileRef = 44D28941D7914F939EA8121E /* CDVDevice.m */; };
		63F652A05C9F4A54B3E675CE /* CDVWKWebViewEngine.m in Sources */ = {isa = PBXBuildFile; fileRef = D01B26CBA4724E52910DA3FD /* CDVWKWebViewEngine.m */; };
		A889E594AE9B4784B8C47514 /* CDVWKWebViewUIDelegate.m in Sources */ = {isa = PBXBuildFile; fileRef = 131894A0AE694D06A8D80902 /* CDVWKWebViewUIDelegate.m */; };
		D73D9B4033F145DBAB2B9131 /* CDVWKProcessPoolFactory.m in Sources */ = {isa = PBXBuildFile; fileRef = A1210C4A923E4BA68B65FB76 /* CDVWKProcessPoolFactory.m */; };
		CC1C937091024D41B3C22913 /* GCDWebServer.m in Sources */ = {isa = PBXBuildFile; fileRef = C010A726BF3E456A85B32270 /* GCDWebServer.m */; };
		32F8F59F0D66497682DA1DD5 /* GCDWebServerConnection.m in Sources */ = {isa = PBXBuildFile; fileRef = 4E8AB731830D406D89BC4666 /* GCDWebServerConnection.m */; };
		6B1F7A4B456F4AEDB8F90295 /* GCDWebServerFunctions.m in Sources */ = {isa = PBXBuildFile; fileRef = B9CEC5EA2996411BAB06089F /* GCDWebServerFunctions.m */; };
		C8D704DFE2AB468787B49D00 /* GCDWebServerRequest.m in Sources */ = {isa = PBXBuildFile; fileRef = DD9C7766FD3A467E892AE5A8 /* GCDWebServerRequest.m */; };
		70C4EF7C9A8A4EE5AF9D9752 /* GCDWebServerResponse.m in Sources */ = {isa = PBXBuildFile; fileRef = CEE74BD9E6654B7F9244C921 /* GCDWebServerResponse.m */; };
		ED3FB6AA1D334B55846091D3 /* GCDWebServerDataRequest.m in Sources */ = {isa = PBXBuildFile; fileRef = 299191B849D44F3CB523F97D /* GCDWebServerDataRequest.m */; };
		CCE4F02AD0FF4CDFA95A5EE7 /* GCDWebServerFileRequest.m in Sources */ = {isa = PBXBuildFile; fileRef = F8D3472AFD234EB69D339041 /* GCDWebServerFileRequest.m */; };
		9D04E4018E2D415898014C95 /* GCDWebServerMultiPartFormRequest.m in Sources */ = {isa = PBXBuildFile; fileRef = 2484C2D30B2F457E9C7B8803 /* GCDWebServerMultiPartFormRequest.m */; };
		0109031C564241098F7D5B13 /* GCDWebServerURLEncodedFormRequest.m in Sources */ = {isa = PBXBuildFile; fileRef = 5EA79C1601DC4442ADDA0E80 /* GCDWebServerURLEncodedFormRequest.m */; };
		E012C0B37F154DCD921AEBDF /* GCDWebServerDataResponse.m in Sources */ = {isa = PBXBuildFile; fileRef = 119E68EC677D4965AB68C12A /* GCDWebServerDataResponse.m */; };
		05E35ACC41F94CF5B328884B /* GCDWebServerErrorResponse.m in Sources */ = {isa = PBXBuildFile; fileRef = 7D970A41257D4BF5A1B72E41 /* GCDWebServerErrorResponse.m */; };
		F73ADF03CB7449BBBC69D840 /* GCDWebServerFileResponse.m in Sources */ = {isa = PBXBuildFile; fileRef = 8CCE8E0711444191A9F56E0B /* GCDWebServerFileResponse.m */; };
		3ACA540348E0457B919E6AA0 /* GCDWebServerStreamedResponse.m in Sources */ = {isa = PBXBuildFile; fileRef = 246E4A72A67C4552B4C9DA95 /* GCDWebServerStreamedResponse.m */; };
		1CCA0A759F284643A4005764 /* WebKit.framework in Frameworks */ = {isa = PBXBuildFile; fileRef = 1F68D8DFD0BA4F24B4AEFFE6 /* WebKit.framework */; settings = {ATTRIBUTES = (Weak, ); }; };
		84F6B1B84CAE4B0C9283880B /* libz.tbd in Frameworks */ = {isa = PBXBuildFile; fileRef = A329BE1FAA1546A2AC7C635E /* libz.tbd */; };
		048337338E0449BD94C0B358 /* CDVSplashScreen.m in Sources */ = {isa = PBXBuildFile; fileRef = 4071A011B15941F39C3C711E /* CDVSplashScreen.m */; };
		9CAC7F5FF6B046FA8DD356B8 /* CDVViewController+SplashScreen.m in Sources */ = {isa = PBXBuildFile; fileRef = EEFCA368CE51473E857709C2 /* CDVViewController+SplashScreen.m */; };
		72C7ABE6258E4312970EBBC9 /* IonicKeyboard.m in Sources */ = {isa = PBXBuildFile; fileRef = 8057F35CB5FD426F8533E75A /* IonicKeyboard.m */; };
		3204226C987341D9A5FECCE8 /* CDVConnection.m in Sources */ = {isa = PBXBuildFile; fileRef = CCC1816AC8014B0F959FBEB4 /* CDVConnection.m */; };
		8560B88926434C1695D57086 /* CDVReachability.m in Sources */ = {isa = PBXBuildFile; fileRef = C3F2E586CC9D4E3EAB2601E0 /* CDVReachability.m */; };
		6E8F0563C18A4FE9913BEBDB /* SystemConfiguration.framework in Frameworks */ = {isa = PBXBuildFile; fileRef = A8CEECF2A63E49DC8F90FCE5 /* SystemConfiguration.framework */; settings = {ATTRIBUTES = (Weak, ); }; };
		5FC499ED7C824C8087136B5B /* CoreTelephony.framework in Frameworks */ = {isa = PBXBuildFile; fileRef = EE3041CA484B40338BE47CCA /* CoreTelephony.framework */; };
		BF6AC1C0764447D9860A8596 /* SQLitePlugin.m in Sources */ = {isa = PBXBuildFile; fileRef = 6BFF761EB8BA41E99F0EAFAD /* SQLitePlugin.m */; };
		5950C26F7F1243388259A66D /* PSPDFThreadSafeMutableDictionary.m in Sources */ = {isa = PBXBuildFile; fileRef = 9AB2A1905CD2422AAAB44B65 /* PSPDFThreadSafeMutableDictionary.m */; settings = {COMPILER_FLAGS = "-w"; }; };
		C2BF7F13E935439D9C45E2DD /* sqlite3.c in Resources */ = {isa = PBXBuildFile; fileRef = 71F47A34B5794D60A294F6B9 /* sqlite3.c */; settings = {COMPILER_FLAGS = "-w -DSQLITE_THREADSAFE=2 -DSQLITE_DEFAULT_MEMSTATUS=0 -DSQLITE_OMIT_DECLTYPE -DSQLITE_OMIT_DEPRECATED -DSQLITE_OMIT_PROGRESS_CALLBACK -DSQLITE_OMIT_SHARED_CACHE -DSQLITE_TEMP_STORE=2 -DSQLITE_OMIT_LOAD_EXTENSION -DSQLITE_ENABLE_FTS3 -DSQLITE_ENABLE_FTS3_PARENTHESIS -DSQLITE_ENABLE_FTS4 -DSQLITE_ENABLE_RTREE -DSQLITE_DEFAULT_PAGE_SIZE=1024 -DSQLITE_DEFAULT_CACHE_SIZE=2000"; }; };
		1E3450FF68CF4781BEC8D537 /* CDVFile.m in Sources */ = {isa = PBXBuildFile; fileRef = 00B139CEF92C4328B556905D /* CDVFile.m */; };
		A8FFB5D4AD1C4CBC90B0F56A /* CDVLocalFilesystem.m in Sources */ = {isa = PBXBuildFile; fileRef = C126C39337574284A7DCB952 /* CDVLocalFilesystem.m */; };
		4E831679B9764555B12EC6C2 /* CDVAssetLibraryFilesystem.m in Sources */ = {isa = PBXBuildFile; fileRef = 9A79322D9D574BC0A1CFB400 /* CDVAssetLibraryFilesystem.m */; };
		41A5ED1BA0344A21947B0216 /* CordovaHttpPlugin.m in Sources */ = {isa = PBXBuildFile; fileRef = F5E3A4BC027A4B91880A36F7 /* CordovaHttpPlugin.m */; };
		0D1520C340574C06B0A7E74D /* TextResponseSerializer.m in Sources */ = {isa = PBXBuildFile; fileRef = 34091EB8DAC844BFA2565782 /* TextResponseSerializer.m */; };
		30E66A95F3674BB093E4A086 /* AFHTTPSessionManager.m in Sources */ = {isa = PBXBuildFile; fileRef = 9B5D0C6891244592B3D3C048 /* AFHTTPSessionManager.m */; };
		E2BAD880EADA4F428D489769 /* AFNetworkReachabilityManager.m in Sources */ = {isa = PBXBuildFile; fileRef = D8757362A9164640AAD301A4 /* AFNetworkReachabilityManager.m */; };
		50B91DCD83F14219BA88FBBB /* AFSecurityPolicy.m in Sources */ = {isa = PBXBuildFile; fileRef = 8E8A8E6B7EF1407BB9C56EA8 /* AFSecurityPolicy.m */; };
		31E0B7DA9FD44654B386E4D4 /* AFURLRequestSerialization.m in Sources */ = {isa = PBXBuildFile; fileRef = B42BC8F83E7D457CA4D58B13 /* AFURLRequestSerialization.m */; };
		5F273150CA1743119406862F /* AFURLResponseSerialization.m in Sources */ = {isa = PBXBuildFile; fileRef = 79AFBE8A58F144308001A53B /* AFURLResponseSerialization.m */; };
		0990917855D0488392DDF17D /* AFURLSessionManager.m in Sources */ = {isa = PBXBuildFile; fileRef = A8447CFCBE3E4532A6BB25B4 /* AFURLSessionManager.m */; };
		F1A3CA2C7D7347AB912B34FF /* Security.framework in Frameworks */ = {isa = PBXBuildFile; fileRef = 10992DC93BB7409BA77F312F /* Security.framework */; };
		F540F574BC6E46D287121686 /* CDVBarcodeScanner.mm in Resources */ = {isa = PBXBuildFile; fileRef = FCDFDB47FDE44721B90FDE44 /* CDVBarcodeScanner.mm */; settings = {COMPILER_FLAGS = "-fno-objc-arc"; }; };
		84BE53E2B212464FBFF54CC9 /* zxing-all-in-one.cpp in Resources */ = {isa = PBXBuildFile; fileRef = E28853269BEA42D299B00EE6 /* zxing-all-in-one.cpp */; };
		6E1E1ACFD93A40DA875E15F9 /* scannerOverlay.xib in Resources */ = {isa = PBXBuildFile; fileRef = 7CCEF32D6CE54EEBB9931EC0 /* scannerOverlay.xib */; };
		BD77A145EA9B439BA27F52A5 /* CDVBarcodeScanner.bundle in Resources */ = {isa = PBXBuildFile; fileRef = 5A1D0A62442043C0B5B9CB13 /* CDVBarcodeScanner.bundle */; };
		0B6FBDE77C154FCEA36B56BF /* libiconv.dylib in Frameworks */ = {isa = PBXBuildFile; fileRef = B8DFAC368E574F65B4AAAA0D /* libiconv.dylib */; };
		7163866A1EBD4778B3FB8311 /* AVFoundation.framework in Frameworks */ = {isa = PBXBuildFile; fileRef = 73A7736FB00C4122BEF55B06 /* AVFoundation.framework */; };
		B1445F16BC164B86981BD672 /* CoreVideo.framework in Frameworks */ = {isa = PBXBuildFile; fileRef = 95D726A7403A4117A44E6E88 /* CoreVideo.framework */; };
		41F8F8721BCE484F86F4E2D3 /* QuartzCore.framework in Frameworks */ = {isa = PBXBuildFile; fileRef = 005D0072A16848AEB449178C /* QuartzCore.framework */; };
		D460546F5A7E45E9914DE983 /* CoreImage.framework in Frameworks */ = {isa = PBXBuildFile; fileRef = F6C2E58316194ACCAE23CCE8 /* CoreImage.framework */; };
		25858198531C409C8AE97098 /* AudioToolbox.framework in Frameworks */ = {isa = PBXBuildFile; fileRef = 5FDE5E2FE84A4F77B3F0396E /* AudioToolbox.framework */; };
		CDA46AA0A9904DDEAB59AB5B /* Toast+UIView.m in Sources */ = {isa = PBXBuildFile; fileRef = 78A66260B4E64FC389DC3D41 /* Toast+UIView.m */; };
		6C144B5A5D404F7E8A8CB480 /* Toast.m in Sources */ = {isa = PBXBuildFile; fileRef = 75DDAA9D03FC4F438A272C90 /* Toast.m */; };
		D8FA814DF26D4955BA77F4F2 /* GoogleMobileAds.framework in Frameworks */ = {isa = PBXBuildFile; fileRef = 1CBD6A2377514E418C135D14 /* GoogleMobileAds.framework */; };
		AB0D8785D0684D52848B810A /* AdSupport.framework in Frameworks */ = {isa = PBXBuildFile; fileRef = F6475BC39AB740B39BD76F77 /* AdSupport.framework */; };
		5754542868C94F31A616D2FD /* CoreBluetooth.framework in Frameworks */ = {isa = PBXBuildFile; fileRef = A017BA2F1F40463BAB365929 /* CoreBluetooth.framework */; };
		D62EA568CF7E43E88B6F357C /* CoreMedia.framework in Frameworks */ = {isa = PBXBuildFile; fileRef = 96462B600F954FF6AFCB9515 /* CoreMedia.framework */; };
		5303F6D313964434B55A5586 /* CoreMotion.framework in Frameworks */ = {isa = PBXBuildFile; fileRef = 57D9305FF15B4481BB0C3A67 /* CoreMotion.framework */; };
		4DCB6A9AC6A043F1931ED88A /* EventKit.framework in Frameworks */ = {isa = PBXBuildFile; fileRef = 86A7CA4E7FB34E33839F4AA9 /* EventKit.framework */; };
		AF7EAD57A8574629844985B2 /* EventKitUI.framework in Frameworks */ = {isa = PBXBuildFile; fileRef = A03C9492600F49D2ADCE6485 /* EventKitUI.framework */; };
		6D115A5542E846A5B8B7E990 /* Foundation.framework in Frameworks */ = {isa = PBXBuildFile; fileRef = 31290323EB2A43A4BB454BC0 /* Foundation.framework */; };
		E3CBFB4BAE5A4627BB1A1D40 /* GLKit.framework in Frameworks */ = {isa = PBXBuildFile; fileRef = 4425B47CA4194CFE928C8424 /* GLKit.framework */; };
		BB7688B054864104BB60B783 /* MediaPlayer.framework in Frameworks */ = {isa = PBXBuildFile; fileRef = 5A83009C3B2949D19DAE36AD /* MediaPlayer.framework */; };
		A844B89C32364CE185CB76DD /* MessageUI.framework in Frameworks */ = {isa = PBXBuildFile; fileRef = E41D2E0D6A994EC4B7C379C6 /* MessageUI.framework */; };
		DB210BA3D84E40AEA778A3A4 /* OpenGLES.framework in Frameworks */ = {isa = PBXBuildFile; fileRef = 2A581FFC27E048B9995966A6 /* OpenGLES.framework */; };
		13823E5C9FCA46D1931BB50F /* SafariServices.framework in Frameworks */ = {isa = PBXBuildFile; fileRef = AFF02065C7E34429B720CE6C /* SafariServices.framework */; };
		AFC480909A6B476CA5051D83 /* StoreKit.framework in Frameworks */ = {isa = PBXBuildFile; fileRef = C74A1BC684CA44138A2BDADA /* StoreKit.framework */; };
		3C28437F670546FEA2D8F29E /* UIKit.framework in Frameworks */ = {isa = PBXBuildFile; fileRef = AE7034BBDC8643F0A1F3529B /* UIKit.framework */; };
		82BA0F0971C6422E82D2EE90 /* CDVAdMob.m in Sources */ = {isa = PBXBuildFile; fileRef = 0914A068CAB442188579FE89 /* CDVAdMob.m */; };
/* End PBXBuildFile section */

/* Begin PBXContainerItemProxy section */
		301BF534109A57CC0062928A /* PBXContainerItemProxy */ = {
			isa = PBXContainerItemProxy;
			containerPortal = 301BF52D109A57CC0062928A /* CordovaLib.xcodeproj */;
			proxyType = 2;
			remoteGlobalIDString = D2AAC07E0554694100DB518D;
			remoteInfo = CordovaLib;
		};
		301BF550109A68C00062928A /* PBXContainerItemProxy */ = {
			isa = PBXContainerItemProxy;
			containerPortal = 301BF52D109A57CC0062928A /* CordovaLib.xcodeproj */;
			proxyType = 1;
			remoteGlobalIDString = D2AAC07D0554694100DB518D;
			remoteInfo = CordovaLib;
		};
/* End PBXContainerItemProxy section */

/* Begin PBXFileReference section */
		0207DA571B56EA530066E2B4 /* Images.xcassets */ = {isa = PBXFileReference; lastKnownFileType = folder.assetcatalog; name = Images.xcassets; path = "MyApp/Images.xcassets"; sourceTree = SOURCE_ROOT; };
		1D3623240D0F684500981E51 /* AppDelegate.h */ = {isa = PBXFileReference; fileEncoding = 4; lastKnownFileType = sourcecode.c.h; path = AppDelegate.h; sourceTree = "<group>"; };
		1D3623250D0F684500981E51 /* AppDelegate.m */ = {isa = PBXFileReference; fileEncoding = 4; lastKnownFileType = sourcecode.c.objc; path = AppDelegate.m; sourceTree = "<group>"; };
		1D6058910D05DD3D006BFB54 /* MyApp.app */ = {isa = PBXFileReference; explicitFileType = wrapper.application; includeInIndex = 0; path = "MyApp.app"; sourceTree = BUILT_PRODUCTS_DIR; };
		29B97316FDCFA39411CA2CEA /* main.m */ = {isa = PBXFileReference; fileEncoding = 4; lastKnownFileType = sourcecode.c.objc; path = main.m; sourceTree = "<group>"; };
		301BF52D109A57CC0062928A /* CordovaLib.xcodeproj */ = {isa = PBXFileReference; lastKnownFileType = "wrapper.pb-project"; path = CordovaLib/CordovaLib.xcodeproj; sourceTree = "<group>"; };
		301BF56E109A69640062928A /* www */ = {isa = PBXFileReference; lastKnownFileType = folder; path = www; sourceTree = SOURCE_ROOT; };
		302D95EE14D2391D003F00A1 /* MainViewController.h */ = {isa = PBXFileReference; fileEncoding = 4; lastKnownFileType = sourcecode.c.h; path = MainViewController.h; sourceTree = "<group>"; };
		302D95EF14D2391D003F00A1 /* MainViewController.m */ = {isa = PBXFileReference; fileEncoding = 4; lastKnownFileType = sourcecode.c.objc; path = MainViewController.m; sourceTree = "<group>"; };
		302D95F014D2391D003F00A1 /* MainViewController.xib */ = {isa = PBXFileReference; fileEncoding = 4; lastKnownFileType = file.xib; path = MainViewController.xib; sourceTree = "<group>"; };
		3047A50F1AB8059700498E2A /* build-debug.xcconfig */ = {isa = PBXFileReference; fileEncoding = 4; lastKnownFileType = text.xcconfig; name = "build-debug.xcconfig"; path = cordova/build-debug.xcconfig; sourceTree = SOURCE_ROOT; };
		3047A5101AB8059700498E2A /* build-release.xcconfig */ = {isa = PBXFileReference; fileEncoding = 4; lastKnownFileType = text.xcconfig; name = "build-release.xcconfig"; path = cordova/build-release.xcconfig; sourceTree = SOURCE_ROOT; };
		3047A5111AB8059700498E2A /* build.xcconfig */ = {isa = PBXFileReference; fileEncoding = 4; lastKnownFileType = text.xcconfig; name = build.xcconfig; path = cordova/build.xcconfig; sourceTree = SOURCE_ROOT; };
		32CA4F630368D1EE00C91783 /* MyApp-Prefix.pch */ = {isa = PBXFileReference; fileEncoding = 4; lastKnownFileType = sourcecode.c.h; path = "MyApp-Prefix.pch"; sourceTree = "<group>"; };
		6AFF5BF81D6E424B00AB3073 /* CDVLaunchScreen.storyboard */ = {isa = PBXFileReference; fileEncoding = 4; lastKnownFileType = file.storyboard; name = CDVLaunchScreen.storyboard; path = "MyApp/CDVLaunchScreen.storyboard"; sourceTree = SOURCE_ROOT; };
		8D1107310486CEB800E47090 /* MyApp-Info.plist */ = {isa = PBXFileReference; fileEncoding = 4; lastKnownFileType = text.plist.xml; name = "MyApp-Info.plist"; path = "MyApp/MyApp-Info.plist"; plistStructureDefinitionIdentifier = "com.apple.xcode.plist.structure-definition.iphone.info-plist"; sourceTree = SOURCE_ROOT; };
		EB87FDF31871DA8E0020F90C /* www */ = {isa = PBXFileReference; lastKnownFileType = folder; name = www; path = ../../www; sourceTree = "<group>"; };
		EB87FDF41871DAF40020F90C /* config.xml */ = {isa = PBXFileReference; lastKnownFileType = text.xml; name = config.xml; path = ../../config.xml; sourceTree = "<group>"; };
		F840E1F0165FE0F500CFE078 /* config.xml */ = {isa = PBXFileReference; lastKnownFileType = text.xml; name = config.xml; path = "MyApp/config.xml"; sourceTree = "<group>"; };
		ED33DF2A687741AEAF9F8254 /* Bridging-Header.h */ = {isa = PBXFileReference; fileEncoding = 4; lastKnownFileType = sourcecode.c.h; name = "Bridging-Header.h"; path = "Bridging-Header.h"; sourceTree = "<group>"; };
		44D28941D7914F939EA8121E /* CDVDevice.m */ = {isa = PBXFileReference; name = "CDVDevice.m"; path = "cordova-plugin-device/CDVDevice.m"; sourceTree = "<group>"; fileEncoding = 4; lastKnownFileType = sourcecode.c.objc; explicitFileType = undefined; includeInIndex = 0; };
		E265EEAF72184904992DABB1 /* CDVDevice.h */ = {isa = PBXFileReference; name = "CDVDevice.h"; path = "cordova-plugin-device/CDVDevice.h"; sourceTree = "<group>"; fileEncoding = 4; lastKnownFileType = sourcecode.c.h; explicitFileType = undefined; includeInIndex = 0; };
		D01B26CBA4724E52910DA3FD /* CDVWKWebViewEngine.m */ = {isa = PBXFileReference; name = "CDVWKWebViewEngine.m"; path = "cordova-plugin-ionic-webview/CDVWKWebViewEngine.m"; sourceTree = "<group>"; fileEncoding = 4; lastKnownFileType = sourcecode.c.objc; explicitFileType = undefined; includeInIndex = 0; };
		131894A0AE694D06A8D80902 /* CDVWKWebViewUIDelegate.m */ = {isa = PBXFileReference; name = "CDVWKWebViewUIDelegate.m"; path = "cordova-plugin-ionic-webview/CDVWKWebViewUIDelegate.m"; sourceTree = "<group>"; fileEncoding = 4; lastKnownFileType = sourcecode.c.objc; explicitFileType = undefined; includeInIndex = 0; };
		A1210C4A923E4BA68B65FB76 /* CDVWKProcessPoolFactory.m */ = {isa = PBXFileReference; name = "CDVWKProcessPoolFactory.m"; path = "cordova-plugin-ionic-webview/CDVWKProcessPoolFactory.m"; sourceTree = "<group>"; fileEncoding = 4; lastKnownFileType = sourcecode.c.objc; explicitFileType = undefined; includeInIndex = 0; };
		C010A726BF3E456A85B32270 /* GCDWebServer.m */ = {isa = PBXFileReference; name = "GCDWebServer.m"; path = "cordova-plugin-ionic-webview/GCDWebServer.m"; sourceTree = "<group>"; fileEncoding = 4; lastKnownFileType = sourcecode.c.objc; explicitFileType = undefined; includeInIndex = 0; };
		4E8AB731830D406D89BC4666 /* GCDWebServerConnection.m */ = {isa = PBXFileReference; name = "GCDWebServerConnection.m"; path = "cordova-plugin-ionic-webview/GCDWebServerConnection.m"; sourceTree = "<group>"; fileEncoding = 4; lastKnownFileType = sourcecode.c.objc; explicitFileType = undefined; includeInIndex = 0; };
		B9CEC5EA2996411BAB06089F /* GCDWebServerFunctions.m */ = {isa = PBXFileReference; name = "GCDWebServerFunctions.m"; path = "cordova-plugin-ionic-webview/GCDWebServerFunctions.m"; sourceTree = "<group>"; fileEncoding = 4; lastKnownFileType = sourcecode.c.objc; explicitFileType = undefined; includeInIndex = 0; };
		DD9C7766FD3A467E892AE5A8 /* GCDWebServerRequest.m */ = {isa = PBXFileReference; name = "GCDWebServerRequest.m"; path = "cordova-plugin-ionic-webview/GCDWebServerRequest.m"; sourceTree = "<group>"; fileEncoding = 4; lastKnownFileType = sourcecode.c.objc; explicitFileType = undefined; includeInIndex = 0; };
		CEE74BD9E6654B7F9244C921 /* GCDWebServerResponse.m */ = {isa = PBXFileReference; name = "GCDWebServerResponse.m"; path = "cordova-plugin-ionic-webview/GCDWebServerResponse.m"; sourceTree = "<group>"; fileEncoding = 4; lastKnownFileType = sourcecode.c.objc; explicitFileType = undefined; includeInIndex = 0; };
		299191B849D44F3CB523F97D /* GCDWebServerDataRequest.m */ = {isa = PBXFileReference; name = "GCDWebServerDataRequest.m"; path = "cordova-plugin-ionic-webview/GCDWebServerDataRequest.m"; sourceTree = "<group>"; fileEncoding = 4; lastKnownFileType = sourcecode.c.objc; explicitFileType = undefined; includeInIndex = 0; };
		F8D3472AFD234EB69D339041 /* GCDWebServerFileRequest.m */ = {isa = PBXFileReference; name = "GCDWebServerFileRequest.m"; path = "cordova-plugin-ionic-webview/GCDWebServerFileRequest.m"; sourceTree = "<group>"; fileEncoding = 4; lastKnownFileType = sourcecode.c.objc; explicitFileType = undefined; includeInIndex = 0; };
		2484C2D30B2F457E9C7B8803 /* GCDWebServerMultiPartFormRequest.m */ = {isa = PBXFileReference; name = "GCDWebServerMultiPartFormRequest.m"; path = "cordova-plugin-ionic-webview/GCDWebServerMultiPartFormRequest.m"; sourceTree = "<group>"; fileEncoding = 4; lastKnownFileType = sourcecode.c.objc; explicitFileType = undefined; includeInIndex = 0; };
		5EA79C1601DC4442ADDA0E80 /* GCDWebServerURLEncodedFormRequest.m */ = {isa = PBXFileReference; name = "GCDWebServerURLEncodedFormRequest.m"; path = "cordova-plugin-ionic-webview/GCDWebServerURLEncodedFormRequest.m"; sourceTree = "<group>"; fileEncoding = 4; lastKnownFileType = sourcecode.c.objc; explicitFileType = undefined; includeInIndex = 0; };
		119E68EC677D4965AB68C12A /* GCDWebServerDataResponse.m */ = {isa = PBXFileReference; name = "GCDWebServerDataResponse.m"; path = "cordova-plugin-ionic-webview/GCDWebServerDataResponse.m"; sourceTree = "<group>"; fileEncoding = 4; lastKnownFileType = sourcecode.c.objc; explicitFileType = undefined; includeInIndex = 0; };
		7D970A41257D4BF5A1B72E41 /* GCDWebServerErrorResponse.m */ = {isa = PBXFileReference; name = "GCDWebServerErrorResponse.m"; path = "cordova-plugin-ionic-webview/GCDWebServerErrorResponse.m"; sourceTree = "<group>"; fileEncoding = 4; lastKnownFileType = sourcecode.c.objc; explicitFileType = undefined; includeInIndex = 0; };
		8CCE8E0711444191A9F56E0B /* GCDWebServerFileResponse.m */ = {isa = PBXFileReference; name = "GCDWebServerFileResponse.m"; path = "cordova-plugin-ionic-webview/GCDWebServerFileResponse.m"; sourceTree = "<group>"; fileEncoding = 4; lastKnownFileType = sourcecode.c.objc; explicitFileType = undefined; includeInIndex = 0; };
		246E4A72A67C4552B4C9DA95 /* GCDWebServerStreamedResponse.m */ = {isa = PBXFileReference; name = "GCDWebServerStreamedResponse.m"; path = "cordova-plugin-ionic-webview/GCDWebServerStreamedResponse.m"; sourceTree = "<group>"; fileEncoding = 4; lastKnownFileType = sourcecode.c.objc; explicitFileType = undefined; includeInIndex = 0; };
		0A7C93F4A03F4B65A662AB9D /* CDVWKWebViewEngine.h */ = {isa = PBXFileReference; name = "CDVWKWebViewEngine.h"; path = "cordova-plugin-ionic-webview/CDVWKWebViewEngine.h"; sourceTree = "<group>"; fileEncoding = 4; lastKnownFileType = sourcecode.c.h; explicitFileType = undefined; includeInIndex = 0; };
		E6C16C1CA876400F9B234020 /* CDVWKWebViewUIDelegate.h */ = {isa = PBXFileReference; name = "CDVWKWebViewUIDelegate.h"; path = "cordova-plugin-ionic-webview/CDVWKWebViewUIDelegate.h"; sourceTree = "<group>"; fileEncoding = 4; lastKnownFileType = sourcecode.c.h; explicitFileType = undefined; includeInIndex = 0; };
		F0CC77FA0999442FB78414C7 /* CDVWKProcessPoolFactory.h */ = {isa = PBXFileReference; name = "CDVWKProcessPoolFactory.h"; path = "cordova-plugin-ionic-webview/CDVWKProcessPoolFactory.h"; sourceTree = "<group>"; fileEncoding = 4; lastKnownFileType = sourcecode.c.h; explicitFileType = undefined; includeInIndex = 0; };
		0395BB1F3022480699D914B3 /* GCDWebServer.h */ = {isa = PBXFileReference; name = "GCDWebServer.h"; path = "cordova-plugin-ionic-webview/GCDWebServer.h"; sourceTree = "<group>"; fileEncoding = 4; lastKnownFileType = sourcecode.c.h; explicitFileType = undefined; includeInIndex = 0; };
		4B337AD752C74ADE81087E2A /* GCDWebServerConnection.h */ = {isa = PBXFileReference; name = "GCDWebServerConnection.h"; path = "cordova-plugin-ionic-webview/GCDWebServerConnection.h"; sourceTree = "<group>"; fileEncoding = 4; lastKnownFileType = sourcecode.c.h; explicitFileType = undefined; includeInIndex = 0; };
		D8F03A4B365A418BA7664DBD /* GCDWebServerFunctions.h */ = {isa = PBXFileReference; name = "GCDWebServerFunctions.h"; path = "cordova-plugin-ionic-webview/GCDWebServerFunctions.h"; sourceTree = "<group>"; fileEncoding = 4; lastKnownFileType = sourcecode.c.h; explicitFileType = undefined; includeInIndex = 0; };
		46E553E22B9146948E750625 /* GCDWebServerHTTPStatusCodes.h */ = {isa = PBXFileReference; name = "GCDWebServerHTTPStatusCodes.h"; path = "cordova-plugin-ionic-webview/GCDWebServerHTTPStatusCodes.h"; sourceTree = "<group>"; fileEncoding = 4; lastKnownFileType = sourcecode.c.h; explicitFileType = undefined; includeInIndex = 0; };
		8D1B5D270FC24D6D9107FCD9 /* GCDWebServerPrivate.h */ = {isa = PBXFileReference; name = "GCDWebServerPrivate.h"; path = "cordova-plugin-ionic-webview/GCDWebServerPrivate.h"; sourceTree = "<group>"; fileEncoding = 4; lastKnownFileType = sourcecode.c.h; explicitFileType = undefined; includeInIndex = 0; };
		82ED6E6DCAA34E359A066BBF /* GCDWebServerRequest.h */ = {isa = PBXFileReference; name = "GCDWebServerRequest.h"; path = "cordova-plugin-ionic-webview/GCDWebServerRequest.h"; sourceTree = "<group>"; fileEncoding = 4; lastKnownFileType = sourcecode.c.h; explicitFileType = undefined; includeInIndex = 0; };
		A8B434C3ED5549F89A6AA45D /* GCDWebServerResponse.h */ = {isa = PBXFileReference; name = "GCDWebServerResponse.h"; path = "cordova-plugin-ionic-webview/GCDWebServerResponse.h"; sourceTree = "<group>"; fileEncoding = 4; lastKnownFileType = sourcecode.c.h; explicitFileType = undefined; includeInIndex = 0; };
		6B5B392A2C6A4138B9EF8DD3 /* GCDWebServerDataRequest.h */ = {isa = PBXFileReference; name = "GCDWebServerDataRequest.h"; path = "cordova-plugin-ionic-webview/GCDWebServerDataRequest.h"; sourceTree = "<group>"; fileEncoding = 4; lastKnownFileType = sourcecode.c.h; explicitFileType = undefined; includeInIndex = 0; };
		A419BB57DF9A471182ED5231 /* GCDWebServerFileRequest.h */ = {isa = PBXFileReference; name = "GCDWebServerFileRequest.h"; path = "cordova-plugin-ionic-webview/GCDWebServerFileRequest.h"; sourceTree = "<group>"; fileEncoding = 4; lastKnownFileType = sourcecode.c.h; explicitFileType = undefined; includeInIndex = 0; };
		AB22798C87C34764833470EA /* GCDWebServerMultiPartFormRequest.h */ = {isa = PBXFileReference; name = "GCDWebServerMultiPartFormRequest.h"; path = "cordova-plugin-ionic-webview/GCDWebServerMultiPartFormRequest.h"; sourceTree = "<group>"; fileEncoding = 4; lastKnownFileType = sourcecode.c.h; explicitFileType = undefined; includeInIndex = 0; };
		52C3BF512882412FA7293A6E /* GCDWebServerURLEncodedFormRequest.h */ = {isa = PBXFileReference; name = "GCDWebServerURLEncodedFormRequest.h"; path = "cordova-plugin-ionic-webview/GCDWebServerURLEncodedFormRequest.h"; sourceTree = "<group>"; fileEncoding = 4; lastKnownFileType = sourcecode.c.h; explicitFileType = undefined; includeInIndex = 0; };
		06ED2E94801746A6AA0C4029 /* GCDWebServerDataResponse.h */ = {isa = PBXFileReference; name = "GCDWebServerDataResponse.h"; path = "cordova-plugin-ionic-webview/GCDWebServerDataResponse.h"; sourceTree = "<group>"; fileEncoding = 4; lastKnownFileType = sourcecode.c.h; explicitFileType = undefined; includeInIndex = 0; };
		04ACDD8EC3E54FBCA1A38B28 /* GCDWebServerErrorResponse.h */ = {isa = PBXFileReference; name = "GCDWebServerErrorResponse.h"; path = "cordova-plugin-ionic-webview/GCDWebServerErrorResponse.h"; sourceTree = "<group>"; fileEncoding = 4; lastKnownFileType = sourcecode.c.h; explicitFileType = undefined; includeInIndex = 0; };
		26B1770DC04C4E4E98125B1F /* GCDWebServerFileResponse.h */ = {isa = PBXFileReference; name = "GCDWebServerFileResponse.h"; path = "cordova-plugin-ionic-webview/GCDWebServerFileResponse.h"; sourceTree = "<group>"; fileEncoding = 4; lastKnownFileType = sourcecode.c.h; explicitFileType = undefined; includeInIndex = 0; };
		56F3C8D57D804B669B1891E4 /* GCDWebServerStreamedResponse.h */ = {isa = PBXFileReference; name = "GCDWebServerStreamedResponse.h"; path = "cordova-plugin-ionic-webview/GCDWebServerStreamedResponse.h"; sourceTree = "<group>"; fileEncoding = 4; lastKnownFileType = sourcecode.c.h; explicitFileType = undefined; includeInIndex = 0; };
		1F68D8DFD0BA4F24B4AEFFE6 /* WebKit.framework */ = {isa = PBXFileReference; name = "WebKit.framework"; path = "System/Library/Frameworks/WebKit.framework"; sourceTree = SDKROOT; fileEncoding = undefined; lastKnownFileType = wrapper.framework; explicitFileType = undefined; includeInIndex = 0; };
		A329BE1FAA1546A2AC7C635E /* libz.tbd */ = {isa = PBXFileReference; name = "libz.tbd"; path = "usr/lib/libz.tbd"; sourceTree = SDKROOT; fileEncoding = undefined; lastKnownFileType = sourcecode.text-based-dylib-definition; explicitFileType = undefined; includeInIndex = 0; };
		4071A011B15941F39C3C711E /* CDVSplashScreen.m */ = {isa = PBXFileReference; name = "CDVSplashScreen.m"; path = "cordova-plugin-splashscreen/CDVSplashScreen.m"; sourceTree = "<group>"; fileEncoding = 4; lastKnownFileType = sourcecode.c.objc; explicitFileType = undefined; includeInIndex = 0; };
		EEFCA368CE51473E857709C2 /* CDVViewController+SplashScreen.m */ = {isa = PBXFileReference; name = "CDVViewController+SplashScreen.m"; path = "cordova-plugin-splashscreen/CDVViewController+SplashScreen.m"; sourceTree = "<group>"; fileEncoding = 4; lastKnownFileType = sourcecode.c.objc; explicitFileType = undefined; includeInIndex = 0; };
		AA2DD35FAEAB43088D072D85 /* CDVSplashScreen.h */ = {isa = PBXFileReference; name = "CDVSplashScreen.h"; path = "cordova-plugin-splashscreen/CDVSplashScreen.h"; sourceTree = "<group>"; fileEncoding = 4; lastKnownFileType = sourcecode.c.h; explicitFileType = undefined; includeInIndex = 0; };
		68F2835C7F2049C18026F462 /* CDVViewController+SplashScreen.h */ = {isa = PBXFileReference; name = "CDVViewController+SplashScreen.h"; path = "cordova-plugin-splashscreen/CDVViewController+SplashScreen.h"; sourceTree = "<group>"; fileEncoding = 4; lastKnownFileType = sourcecode.c.h; explicitFileType = undefined; includeInIndex = 0; };
		8057F35CB5FD426F8533E75A /* IonicKeyboard.m */ = {isa = PBXFileReference; name = "IonicKeyboard.m"; path = "ionic-plugin-keyboard/IonicKeyboard.m"; sourceTree = "<group>"; fileEncoding = 4; lastKnownFileType = sourcecode.c.objc; explicitFileType = undefined; includeInIndex = 0; };
		67431D488DD74A758212A4E8 /* IonicKeyboard.h */ = {isa = PBXFileReference; name = "IonicKeyboard.h"; path = "ionic-plugin-keyboard/IonicKeyboard.h"; sourceTree = "<group>"; fileEncoding = 4; lastKnownFileType = sourcecode.c.h; explicitFileType = undefined; includeInIndex = 0; };
		CCC1816AC8014B0F959FBEB4 /* CDVConnection.m */ = {isa = PBXFileReference; name = "CDVConnection.m"; path = "cordova-plugin-network-information/CDVConnection.m"; sourceTree = "<group>"; fileEncoding = 4; lastKnownFileType = sourcecode.c.objc; explicitFileType = undefined; includeInIndex = 0; };
		C3F2E586CC9D4E3EAB2601E0 /* CDVReachability.m */ = {isa = PBXFileReference; name = "CDVReachability.m"; path = "cordova-plugin-network-information/CDVReachability.m"; sourceTree = "<group>"; fileEncoding = 4; lastKnownFileType = sourcecode.c.objc; explicitFileType = undefined; includeInIndex = 0; };
		3580243555FA4759A28F3844 /* CDVConnection.h */ = {isa = PBXFileReference; name = "CDVConnection.h"; path = "cordova-plugin-network-information/CDVConnection.h"; sourceTree = "<group>"; fileEncoding = 4; lastKnownFileType = sourcecode.c.h; explicitFileType = undefined; includeInIndex = 0; };
		0D3C1728F3E54AD095910B0F /* CDVReachability.h */ = {isa = PBXFileReference; name = "CDVReachability.h"; path = "cordova-plugin-network-information/CDVReachability.h"; sourceTree = "<group>"; fileEncoding = 4; lastKnownFileType = sourcecode.c.h; explicitFileType = undefined; includeInIndex = 0; };
		A8CEECF2A63E49DC8F90FCE5 /* SystemConfiguration.framework */ = {isa = PBXFileReference; name = "SystemConfiguration.framework"; path = "System/Library/Frameworks/SystemConfiguration.framework"; sourceTree = SDKROOT; fileEncoding = undefined; lastKnownFileType = wrapper.framework; explicitFileType = undefined; includeInIndex = 0; };
		EE3041CA484B40338BE47CCA /* CoreTelephony.framework */ = {isa = PBXFileReference; name = "CoreTelephony.framework"; path = "System/Library/Frameworks/CoreTelephony.framework"; sourceTree = SDKROOT; fileEncoding = undefined; lastKnownFileType = wrapper.framework; explicitFileType = undefined; includeInIndex = 0; };
		6BFF761EB8BA41E99F0EAFAD /* SQLitePlugin.m */ = {isa = PBXFileReference; name = "SQLitePlugin.m"; path = "cordova-sqlite-storage/SQLitePlugin.m"; sourceTree = "<group>"; fileEncoding = 4; lastKnownFileType = sourcecode.c.objc; explicitFileType = undefined; includeInIndex = 0; };
		9AB2A1905CD2422AAAB44B65 /* PSPDFThreadSafeMutableDictionary.m */ = {isa = PBXFileReference; name = "PSPDFThreadSafeMutableDictionary.m"; path = "cordova-sqlite-storage/PSPDFThreadSafeMutableDictionary.m"; sourceTree = "<group>"; fileEncoding = 4; lastKnownFileType = sourcecode.c.objc; explicitFileType = undefined; includeInIndex = 0; };
		71F47A34B5794D60A294F6B9 /* sqlite3.c */ = {isa = PBXFileReference; name = "sqlite3.c"; path = "cordova-sqlite-storage/sqlite3.c"; sourceTree = "<group>"; fileEncoding = undefined; lastKnownFileType = unknown; explicitFileType = undefined; includeInIndex = 0; };
		6D47146B255C4D649D36AE31 /* SQLitePlugin.h */ = {isa = PBXFileReference; name = "SQLitePlugin.h"; path = "cordova-sqlite-storage/SQLitePlugin.h"; sourceTree = "<group>"; fileEncoding = 4; lastKnownFileType = sourcecode.c.h; explicitFileType = undefined; includeInIndex = 0; };
		94D72D84B9694EEF8B103565 /* PSPDFThreadSafeMutableDictionary.h */ = {isa = PBXFileReference; name = "PSPDFThreadSafeMutableDictionary.h"; path = "cordova-sqlite-storage/PSPDFThreadSafeMutableDictionary.h"; sourceTree = "<group>"; fileEncoding = 4; lastKnownFileType = sourcecode.c.h; explicitFileType = undefined; includeInIndex = 0; };
		087E17D772DA460992ECE5F4 /* sqlite3.h */ = {isa = PBXFileReference; name = "sqlite3.h"; path = "cordova-sqlite-storage/sqlite3.h"; sourceTree = "<group>"; fileEncoding = 4; lastKnownFileType = sourcecode.c.h; explicitFileType = undefined; includeInIndex = 0; };
		00B139CEF92C4328B556905D /* CDVFile.m */ = {isa = PBXFileReference; name = "CDVFile.m"; path = "cordova-plugin-file/CDVFile.m"; sourceTree = "<group>"; fileEncoding = 4; lastKnownFileType = sourcecode.c.objc; explicitFileType = undefined; includeInIndex = 0; };
		C126C39337574284A7DCB952 /* CDVLocalFilesystem.m */ = {isa = PBXFileReference; name = "CDVLocalFilesystem.m"; path = "cordova-plugin-file/CDVLocalFilesystem.m"; sourceTree = "<group>"; fileEncoding = 4; lastKnownFileType = sourcecode.c.objc; explicitFileType = undefined; includeInIndex = 0; };
		9A79322D9D574BC0A1CFB400 /* CDVAssetLibraryFilesystem.m */ = {isa = PBXFileReference; name = "CDVAssetLibraryFilesystem.m"; path = "cordova-plugin-file/CDVAssetLibraryFilesystem.m"; sourceTree = "<group>"; fileEncoding = 4; lastKnownFileType = sourcecode.c.objc; explicitFileType = undefined; includeInIndex = 0; };
		02B8FED2E9B04C93890BF8C1 /* CDVFile.h */ = {isa = PBXFileReference; name = "CDVFile.h"; path = "cordova-plugin-file/CDVFile.h"; sourceTree = "<group>"; fileEncoding = 4; lastKnownFileType = sourcecode.c.h; explicitFileType = undefined; includeInIndex = 0; };
		D733BFFFCDBE4B6BB2ADF4D4 /* CDVLocalFilesystem.h */ = {isa = PBXFileReference; name = "CDVLocalFilesystem.h"; path = "cordova-plugin-file/CDVLocalFilesystem.h"; sourceTree = "<group>"; fileEncoding = 4; lastKnownFileType = sourcecode.c.h; explicitFileType = undefined; includeInIndex = 0; };
		0A018767087B4079A63AF1B3 /* CDVAssetLibraryFilesystem.h */ = {isa = PBXFileReference; name = "CDVAssetLibraryFilesystem.h"; path = "cordova-plugin-file/CDVAssetLibraryFilesystem.h"; sourceTree = "<group>"; fileEncoding = 4; lastKnownFileType = sourcecode.c.h; explicitFileType = undefined; includeInIndex = 0; };
		F5E3A4BC027A4B91880A36F7 /* CordovaHttpPlugin.m */ = {isa = PBXFileReference; name = "CordovaHttpPlugin.m"; path = "cordova-plugin-advanced-http/CordovaHttpPlugin.m"; sourceTree = "<group>"; fileEncoding = 4; lastKnownFileType = sourcecode.c.objc; explicitFileType = undefined; includeInIndex = 0; };
		34091EB8DAC844BFA2565782 /* TextResponseSerializer.m */ = {isa = PBXFileReference; name = "TextResponseSerializer.m"; path = "cordova-plugin-advanced-http/TextResponseSerializer.m"; sourceTree = "<group>"; fileEncoding = 4; lastKnownFileType = sourcecode.c.objc; explicitFileType = undefined; includeInIndex = 0; };
		9B5D0C6891244592B3D3C048 /* AFHTTPSessionManager.m */ = {isa = PBXFileReference; name = "AFHTTPSessionManager.m"; path = "cordova-plugin-advanced-http/AFHTTPSessionManager.m"; sourceTree = "<group>"; fileEncoding = 4; lastKnownFileType = sourcecode.c.objc; explicitFileType = undefined; includeInIndex = 0; };
		D8757362A9164640AAD301A4 /* AFNetworkReachabilityManager.m */ = {isa = PBXFileReference; name = "AFNetworkReachabilityManager.m"; path = "cordova-plugin-advanced-http/AFNetworkReachabilityManager.m"; sourceTree = "<group>"; fileEncoding = 4; lastKnownFileType = sourcecode.c.objc; explicitFileType = undefined; includeInIndex = 0; };
		8E8A8E6B7EF1407BB9C56EA8 /* AFSecurityPolicy.m */ = {isa = PBXFileReference; name = "AFSecurityPolicy.m"; path = "cordova-plugin-advanced-http/AFSecurityPolicy.m"; sourceTree = "<group>"; fileEncoding = 4; lastKnownFileType = sourcecode.c.objc; explicitFileType = undefined; includeInIndex = 0; };
		B42BC8F83E7D457CA4D58B13 /* AFURLRequestSerialization.m */ = {isa = PBXFileReference; name = "AFURLRequestSerialization.m"; path = "cordova-plugin-advanced-http/AFURLRequestSerialization.m"; sourceTree = "<group>"; fileEncoding = 4; lastKnownFileType = sourcecode.c.objc; explicitFileType = undefined; includeInIndex = 0; };
		79AFBE8A58F144308001A53B /* AFURLResponseSerialization.m */ = {isa = PBXFileReference; name = "AFURLResponseSerialization.m"; path = "cordova-plugin-advanced-http/AFURLResponseSerialization.m"; sourceTree = "<group>"; fileEncoding = 4; lastKnownFileType = sourcecode.c.objc; explicitFileType = undefined; includeInIndex = 0; };
		A8447CFCBE3E4532A6BB25B4 /* AFURLSessionManager.m */ = {isa = PBXFileReference; name = "AFURLSessionManager.m"; path = "cordova-plugin-advanced-http/AFURLSessionManager.m"; sourceTree = "<group>"; fileEncoding = 4; lastKnownFileType = sourcecode.c.objc; explicitFileType = undefined; includeInIndex = 0; };
		F0D66719E5CC450597E9B3B1 /* CordovaHttpPlugin.h */ = {isa = PBXFileReference; name = "CordovaHttpPlugin.h"; path = "cordova-plugin-advanced-http/CordovaHttpPlugin.h"; sourceTree = "<group>"; fileEncoding = 4; lastKnownFileType = sourcecode.c.h; explicitFileType = undefined; includeInIndex = 0; };
		DA0D8EDAB5ED42D5A29DCDEA /* TextResponseSerializer.h */ = {isa = PBXFileReference; name = "TextResponseSerializer.h"; path = "cordova-plugin-advanced-http/TextResponseSerializer.h"; sourceTree = "<group>"; fileEncoding = 4; lastKnownFileType = sourcecode.c.h; explicitFileType = undefined; includeInIndex = 0; };
		2B693E0D85D747BEB407F24F /* AFHTTPSessionManager.h */ = {isa = PBXFileReference; name = "AFHTTPSessionManager.h"; path = "cordova-plugin-advanced-http/AFHTTPSessionManager.h"; sourceTree = "<group>"; fileEncoding = 4; lastKnownFileType = sourcecode.c.h; explicitFileType = undefined; includeInIndex = 0; };
		39D026499A1148B4BFA017B8 /* AFNetworking.h */ = {isa = PBXFileReference; name = "AFNetworking.h"; path = "cordova-plugin-advanced-http/AFNetworking.h"; sourceTree = "<group>"; fileEncoding = 4; lastKnownFileType = sourcecode.c.h; explicitFileType = undefined; includeInIndex = 0; };
		87AA9242E5204185B2AD6BBF /* AFNetworkReachabilityManager.h */ = {isa = PBXFileReference; name = "AFNetworkReachabilityManager.h"; path = "cordova-plugin-advanced-http/AFNetworkReachabilityManager.h"; sourceTree = "<group>"; fileEncoding = 4; lastKnownFileType = sourcecode.c.h; explicitFileType = undefined; includeInIndex = 0; };
		E552AACCE20147D78B892305 /* AFSecurityPolicy.h */ = {isa = PBXFileReference; name = "AFSecurityPolicy.h"; path = "cordova-plugin-advanced-http/AFSecurityPolicy.h"; sourceTree = "<group>"; fileEncoding = 4; lastKnownFileType = sourcecode.c.h; explicitFileType = undefined; includeInIndex = 0; };
		229DB4C709C945FB9224CDB0 /* AFURLRequestSerialization.h */ = {isa = PBXFileReference; name = "AFURLRequestSerialization.h"; path = "cordova-plugin-advanced-http/AFURLRequestSerialization.h"; sourceTree = "<group>"; fileEncoding = 4; lastKnownFileType = sourcecode.c.h; explicitFileType = undefined; includeInIndex = 0; };
		9E268A0F441D4F1E927A1D71 /* AFURLResponseSerialization.h */ = {isa = PBXFileReference; name = "AFURLResponseSerialization.h"; path = "cordova-plugin-advanced-http/AFURLResponseSerialization.h"; sourceTree = "<group>"; fileEncoding = 4; lastKnownFileType = sourcecode.c.h; explicitFileType = undefined; includeInIndex = 0; };
		397A124FA3DB4D6C803FE97E /* AFURLSessionManager.h */ = {isa = PBXFileReference; name = "AFURLSessionManager.h"; path = "cordova-plugin-advanced-http/AFURLSessionManager.h"; sourceTree = "<group>"; fileEncoding = 4; lastKnownFileType = sourcecode.c.h; explicitFileType = undefined; includeInIndex = 0; };
		10992DC93BB7409BA77F312F /* Security.framework */ = {isa = PBXFileReference; name = "Security.framework"; path = "System/Library/Frameworks/Security.framework"; sourceTree = SDKROOT; fileEncoding = undefined; lastKnownFileType = wrapper.framework; explicitFileType = undefined; includeInIndex = 0; };
		FCDFDB47FDE44721B90FDE44 /* CDVBarcodeScanner.mm */ = {isa = PBXFileReference; name = "CDVBarcodeScanner.mm"; path = "phonegap-plugin-barcodescanner/CDVBarcodeScanner.mm"; sourceTree = "<group>"; fileEncoding = undefined; lastKnownFileType = unknown; explicitFileType = undefined; includeInIndex = 0; };
		E28853269BEA42D299B00EE6 /* zxing-all-in-one.cpp */ = {isa = PBXFileReference; name = "zxing-all-in-one.cpp"; path = "phonegap-plugin-barcodescanner/zxing-all-in-one.cpp"; sourceTree = "<group>"; fileEncoding = undefined; lastKnownFileType = unknown; explicitFileType = undefined; includeInIndex = 0; };
		40CCFA606A1243199FE616A9 /* zxing-all-in-one.h */ = {isa = PBXFileReference; name = "zxing-all-in-one.h"; path = "phonegap-plugin-barcodescanner/zxing-all-in-one.h"; sourceTree = "<group>"; fileEncoding = 4; lastKnownFileType = sourcecode.c.h; explicitFileType = undefined; includeInIndex = 0; };
		7CCEF32D6CE54EEBB9931EC0 /* scannerOverlay.xib */ = {isa = PBXFileReference; name = "scannerOverlay.xib"; path = "scannerOverlay.xib"; sourceTree = "<group>"; fileEncoding = undefined; lastKnownFileType = file.xib; explicitFileType = undefined; includeInIndex = 0; };
		5A1D0A62442043C0B5B9CB13 /* CDVBarcodeScanner.bundle */ = {isa = PBXFileReference; name = "CDVBarcodeScanner.bundle"; path = "CDVBarcodeScanner.bundle"; sourceTree = "<group>"; fileEncoding = undefined; lastKnownFileType = wrapper.plug-in; explicitFileType = undefined; includeInIndex = 0; };
		B8DFAC368E574F65B4AAAA0D /* libiconv.dylib */ = {isa = PBXFileReference; name = "libiconv.dylib"; path = "usr/lib/libiconv.dylib"; sourceTree = SDKROOT; fileEncoding = undefined; lastKnownFileType = compiled.mach-o.dylib; explicitFileType = undefined; includeInIndex = 0; };
		73A7736FB00C4122BEF55B06 /* AVFoundation.framework */ = {isa = PBXFileReference; name = "AVFoundation.framework"; path = "System/Library/Frameworks/AVFoundation.framework"; sourceTree = SDKROOT; fileEncoding = undefined; lastKnownFileType = wrapper.framework; explicitFileType = undefined; includeInIndex = 0; };
		95D726A7403A4117A44E6E88 /* CoreVideo.framework */ = {isa = PBXFileReference; name = "CoreVideo.framework"; path = "System/Library/Frameworks/CoreVideo.framework"; sourceTree = SDKROOT; fileEncoding = undefined; lastKnownFileType = wrapper.framework; explicitFileType = undefined; includeInIndex = 0; };
		005D0072A16848AEB449178C /* QuartzCore.framework */ = {isa = PBXFileReference; name = "QuartzCore.framework"; path = "System/Library/Frameworks/QuartzCore.framework"; sourceTree = SDKROOT; fileEncoding = undefined; lastKnownFileType = wrapper.framework; explicitFileType = undefined; includeInIndex = 0; };
		F6C2E58316194ACCAE23CCE8 /* CoreImage.framework */ = {isa = PBXFileReference; name = "CoreImage.framework"; path = "System/Library/Frameworks/CoreImage.framework"; sourceTree = SDKROOT; fileEncoding = undefined; lastKnownFileType = wrapper.framework; explicitFileType = undefined; includeInIndex = 0; };
		5FDE5E2FE84A4F77B3F0396E /* AudioToolbox.framework */ = {isa = PBXFileReference; name = "AudioToolbox.framework"; path = "System/Library/Frameworks/AudioToolbox.framework"; sourceTree = SDKROOT; fileEncoding = undefined; lastKnownFileType = wrapper.framework; explicitFileType = undefined; includeInIndex = 0; };
		78A66260B4E64FC389DC3D41 /* Toast+UIView.m */ = {isa = PBXFileReference; name = "Toast+UIView.m"; path = "cordova-plugin-x-toast/Toast+UIView.m"; sourceTree = "<group>"; fileEncoding = 4; lastKnownFileType = sourcecode.c.objc; explicitFileType = undefined; includeInIndex = 0; };
		75DDAA9D03FC4F438A272C90 /* Toast.m */ = {isa = PBXFileReference; name = "Toast.m"; path = "cordova-plugin-x-toast/Toast.m"; sourceTree = "<group>"; fileEncoding = 4; lastKnownFileType = sourcecode.c.objc; explicitFileType = undefined; includeInIndex = 0; };
		0E570CEC78AA4914BF3BC8BF /* Toast+UIView.h */ = {isa = PBXFileReference; name = "Toast+UIView.h"; path = "cordova-plugin-x-toast/Toast+UIView.h"; sourceTree = "<group>"; fileEncoding = 4; lastKnownFileType = sourcecode.c.h; explicitFileType = undefined; includeInIndex = 0; };
		2E21559984EA41789E9FA20E /* Toast.h */ = {isa = PBXFileReference; name = "Toast.h"; path = "cordova-plugin-x-toast/Toast.h"; sourceTree = "<group>"; fileEncoding = 4; lastKnownFileType = sourcecode.c.h; explicitFileType = undefined; includeInIndex = 0; };
		1CBD6A2377514E418C135D14 /* GoogleMobileAds.framework */ = {isa = PBXFileReference; name = "GoogleMobileAds.framework"; path = "MyApp/Plugins/cordova-admob-sdk/GoogleMobileAds.framework"; sourceTree = "<group>"; fileEncoding = undefined; lastKnownFileType = wrapper.framework; explicitFileType = undefined; includeInIndex = 0; };
		F6475BC39AB740B39BD76F77 /* AdSupport.framework */ = {isa = PBXFileReference; name = "AdSupport.framework"; path = "System/Library/Frameworks/AdSupport.framework"; sourceTree = SDKROOT; fileEncoding = undefined; lastKnownFileType = wrapper.framework; explicitFileType = undefined; includeInIndex = 0; };
		A017BA2F1F40463BAB365929 /* CoreBluetooth.framework */ = {isa = PBXFileReference; name = "CoreBluetooth.framework"; path = "System/Library/Frameworks/CoreBluetooth.framework"; sourceTree = SDKROOT; fileEncoding = undefined; lastKnownFileType = wrapper.framework; explicitFileType = undefined; includeInIndex = 0; };
		96462B600F954FF6AFCB9515 /* CoreMedia.framework */ = {isa = PBXFileReference; name = "CoreMedia.framework"; path = "System/Library/Frameworks/CoreMedia.framework"; sourceTree = SDKROOT; fileEncoding = undefined; lastKnownFileType = wrapper.framework; explicitFileType = undefined; includeInIndex = 0; };
		57D9305FF15B4481BB0C3A67 /* CoreMotion.framework */ = {isa = PBXFileReference; name = "CoreMotion.framework"; path = "System/Library/Frameworks/CoreMotion.framework"; sourceTree = SDKROOT; fileEncoding = undefined; lastKnownFileType = wrapper.framework; explicitFileType = undefined; includeInIndex = 0; };
		86A7CA4E7FB34E33839F4AA9 /* EventKit.framework */ = {isa = PBXFileReference; name = "EventKit.framework"; path = "System/Library/Frameworks/EventKit.framework"; sourceTree = SDKROOT; fileEncoding = undefined; lastKnownFileType = wrapper.framework; explicitFileType = undefined; includeInIndex = 0; };
		A03C9492600F49D2ADCE6485 /* EventKitUI.framework */ = {isa = PBXFileReference; name = "EventKitUI.framework"; path = "System/Library/Frameworks/EventKitUI.framework"; sourceTree = SDKROOT; fileEncoding = undefined; lastKnownFileType = wrapper.framework; explicitFileType = undefined; includeInIndex = 0; };
		31290323EB2A43A4BB454BC0 /* Foundation.framework */ = {isa = PBXFileReference; name = "Foundation.framework"; path = "System/Library/Frameworks/Foundation.framework"; sourceTree = SDKROOT; fileEncoding = undefined; lastKnownFileType = wrapper.framework; explicitFileType = undefined; includeInIndex = 0; };
		4425B47CA4194CFE928C8424 /* GLKit.framework */ = {isa = PBXFileReference; name = "GLKit.framework"; path = "System/Library/Frameworks/GLKit.framework"; sourceTree = SDKROOT; fileEncoding = undefined; lastKnownFileType = wrapper.framework; explicitFileType = undefined; includeInIndex = 0; };
		5A83009C3B2949D19DAE36AD /* MediaPlayer.framework */ = {isa = PBXFileReference; name = "MediaPlayer.framework"; path = "System/Library/Frameworks/MediaPlayer.framework"; sourceTree = SDKROOT; fileEncoding = undefined; lastKnownFileType = wrapper.framework; explicitFileType = undefined; includeInIndex = 0; };
		E41D2E0D6A994EC4B7C379C6 /* MessageUI.framework */ = {isa = PBXFileReference; name = "MessageUI.framework"; path = "System/Library/Frameworks/MessageUI.framework"; sourceTree = SDKROOT; fileEncoding = undefined; lastKnownFileType = wrapper.framework; explicitFileType = undefined; includeInIndex = 0; };
		2A581FFC27E048B9995966A6 /* OpenGLES.framework */ = {isa = PBXFileReference; name = "OpenGLES.framework"; path = "System/Library/Frameworks/OpenGLES.framework"; sourceTree = SDKROOT; fileEncoding = undefined; lastKnownFileType = wrapper.framework; explicitFileType = undefined; includeInIndex = 0; };
		AFF02065C7E34429B720CE6C /* SafariServices.framework */ = {isa = PBXFileReference; name = "SafariServices.framework"; path = "System/Library/Frameworks/SafariServices.framework"; sourceTree = SDKROOT; fileEncoding = undefined; lastKnownFileType = wrapper.framework; explicitFileType = undefined; includeInIndex = 0; };
		C74A1BC684CA44138A2BDADA /* StoreKit.framework */ = {isa = PBXFileReference; name = "StoreKit.framework"; path = "System/Library/Frameworks/StoreKit.framework"; sourceTree = SDKROOT; fileEncoding = undefined; lastKnownFileType = wrapper.framework; explicitFileType = undefined; includeInIndex = 0; };
		AE7034BBDC8643F0A1F3529B /* UIKit.framework */ = {isa = PBXFileReference; name = "UIKit.framework"; path = "System/Library/Frameworks/UIKit.framework"; sourceTree = SDKROOT; fileEncoding = undefined; lastKnownFileType = wrapper.framework; explicitFileType = undefined; includeInIndex = 0; };
		0914A068CAB442188579FE89 /* CDVAdMob.m */ = {isa = PBXFileReference; name = "CDVAdMob.m"; path = "cordova-plugin-admob-free/CDVAdMob.m"; sourceTree = "<group>"; fileEncoding = 4; lastKnownFileType = sourcecode.c.objc; explicitFileType = undefined; includeInIndex = 0; };
		A117AE01EF2E449F9FB39C77 /* CDVAdMob.h */ = {isa = PBXFileReference; name = "CDVAdMob.h"; path = "cordova-plugin-admob-free/CDVAdMob.h"; sourceTree = "<group>"; fileEncoding = 4; lastKnownFileType = sourcecode.c.h; explicitFileType = undefined; includeInIndex = 0; };
/* End PBXFileReference section */

/* Begin PBXFrameworksBuildPhase section */
		1D60588F0D05DD3D006BFB54 /* Frameworks */ = {
			isa = PBXFrameworksBuildPhase;
			buildActionMask = 2147483647;
			files = (
				301BF552109A68D80062928A /* libCordova.a in Frameworks */,
				1CCA0A759F284643A4005764 /* WebKit.framework in Frameworks */,
				84F6B1B84CAE4B0C9283880B /* libz.tbd in Frameworks */,
				6E8F0563C18A4FE9913BEBDB /* SystemConfiguration.framework in Frameworks */,
				5FC499ED7C824C8087136B5B /* CoreTelephony.framework in Frameworks */,
				F1A3CA2C7D7347AB912B34FF /* Security.framework in Frameworks */,
				0B6FBDE77C154FCEA36B56BF /* libiconv.dylib in Frameworks */,
				7163866A1EBD4778B3FB8311 /* AVFoundation.framework in Frameworks */,
				B1445F16BC164B86981BD672 /* CoreVideo.framework in Frameworks */,
				41F8F8721BCE484F86F4E2D3 /* QuartzCore.framework in Frameworks */,
				D460546F5A7E45E9914DE983 /* CoreImage.framework in Frameworks */,
				25858198531C409C8AE97098 /* AudioToolbox.framework in Frameworks */,
				D8FA814DF26D4955BA77F4F2 /* GoogleMobileAds.framework in Frameworks */,
				AB0D8785D0684D52848B810A /* AdSupport.framework in Frameworks */,
				5754542868C94F31A616D2FD /* CoreBluetooth.framework in Frameworks */,
				D62EA568CF7E43E88B6F357C /* CoreMedia.framework in Frameworks */,
				5303F6D313964434B55A5586 /* CoreMotion.framework in Frameworks */,
				4DCB6A9AC6A043F1931ED88A /* EventKit.framework in Frameworks */,
				AF7EAD57A8574629844985B2 /* EventKitUI.framework in Frameworks */,
				6D115A5542E846A5B8B7E990 /* Foundation.framework in Frameworks */,
				E3CBFB4BAE5A4627BB1A1D40 /* GLKit.framework in Frameworks */,
				BB7688B054864104BB60B783 /* MediaPlayer.framework in Frameworks */,
				A844B89C32364CE185CB76DD /* MessageUI.framework in Frameworks */,
				DB210BA3D84E40AEA778A3A4 /* OpenGLES.framework in Frameworks */,
				13823E5C9FCA46D1931BB50F /* SafariServices.framework in Frameworks */,
				AFC480909A6B476CA5051D83 /* StoreKit.framework in Frameworks */,
				3C28437F670546FEA2D8F29E /* UIKit.framework in Frameworks */,
			);
			runOnlyForDeploymentPostprocessing = 0;
		};
/* End PBXFrameworksBuildPhase section */

/* Begin PBXGroup section */
		080E96DDFE201D6D7F000001 /* Classes */ = {
			isa = PBXGroup;
			children = (
				302D95EE14D2391D003F00A1 /* MainViewController.h */,
				302D95EF14D2391D003F00A1 /* MainViewController.m */,
				302D95F014D2391D003F00A1 /* MainViewController.xib */,
				1D3623240D0F684500981E51 /* AppDelegate.h */,
				1D3623250D0F684500981E51 /* AppDelegate.m */,
			);
			name = Classes;
			path = "MyApp/Classes";
			sourceTree = SOURCE_ROOT;
		};
		19C28FACFE9D520D11CA2CBB /* Products */ = {
			isa = PBXGroup;
			children = (
				1D6058910D05DD3D006BFB54 /* MyApp.app */,
			);
			name = Products;
			sourceTree = "<group>";
		};
		29B97314FDCFA39411CA2CEA /* CustomTemplate */ = {
			isa = PBXGroup;
			children = (
				EB87FDF41871DAF40020F90C /* config.xml */,
				EB87FDF31871DA8E0020F90C /* www */,
				EB87FDF11871DA420020F90C /* Staging */,
				301BF52D109A57CC0062928A /* CordovaLib.xcodeproj */,
				080E96DDFE201D6D7F000001 /* Classes */,
				307C750510C5A3420062BCA9 /* Plugins */,
				29B97315FDCFA39411CA2CEA /* Other Sources */,
				29B97317FDCFA39411CA2CEA /* Resources */,
				29B97323FDCFA39411CA2CEA /* Frameworks */,
				19C28FACFE9D520D11CA2CBB /* Products */,
			);
			name = CustomTemplate;
			sourceTree = "<group>";
		};
		29B97315FDCFA39411CA2CEA /* Other Sources */ = {
			isa = PBXGroup;
			children = (
				32CA4F630368D1EE00C91783 /* MyApp-Prefix.pch */,
				29B97316FDCFA39411CA2CEA /* main.m */,
				ED33DF2A687741AEAF9F8254 /* Bridging-Header.h */,
			);
			name = "Other Sources";
			path = "MyApp";
			sourceTree = "<group>";
		};
		29B97317FDCFA39411CA2CEA /* Resources */ = {
			isa = PBXGroup;
			children = (
				0207DA571B56EA530066E2B4 /* Images.xcassets */,
				3047A50E1AB8057F00498E2A /* config */,
				8D1107310486CEB800E47090 /* MyApp-Info.plist */,
				6AFF5BF81D6E424B00AB3073 /* CDVLaunchScreen.storyboard */,
				7CCEF32D6CE54EEBB9931EC0 /* scannerOverlay.xib */,
				5A1D0A62442043C0B5B9CB13 /* CDVBarcodeScanner.bundle */,
			);
			name = Resources;
			path = "MyApp/Resources";
			sourceTree = "<group>";
		};
		29B97323FDCFA39411CA2CEA /* Frameworks */ = {
			isa = PBXGroup;
			children = (
				1F68D8DFD0BA4F24B4AEFFE6 /* WebKit.framework */,
				A329BE1FAA1546A2AC7C635E /* libz.tbd */,
				A8CEECF2A63E49DC8F90FCE5 /* SystemConfiguration.framework */,
				EE3041CA484B40338BE47CCA /* CoreTelephony.framework */,
				10992DC93BB7409BA77F312F /* Security.framework */,
				B8DFAC368E574F65B4AAAA0D /* libiconv.dylib */,
				73A7736FB00C4122BEF55B06 /* AVFoundation.framework */,
				95D726A7403A4117A44E6E88 /* CoreVideo.framework */,
				005D0072A16848AEB449178C /* QuartzCore.framework */,
				F6C2E58316194ACCAE23CCE8 /* CoreImage.framework */,
				5FDE5E2FE84A4F77B3F0396E /* AudioToolbox.framework */,
				1CBD6A2377514E418C135D14 /* GoogleMobileAds.framework */,
				F6475BC39AB740B39BD76F77 /* AdSupport.framework */,
				A017BA2F1F40463BAB365929 /* CoreBluetooth.framework */,
				96462B600F954FF6AFCB9515 /* CoreMedia.framework */,
				57D9305FF15B4481BB0C3A67 /* CoreMotion.framework */,
				86A7CA4E7FB34E33839F4AA9 /* EventKit.framework */,
				A03C9492600F49D2ADCE6485 /* EventKitUI.framework */,
				31290323EB2A43A4BB454BC0 /* Foundation.framework */,
				4425B47CA4194CFE928C8424 /* GLKit.framework */,
				5A83009C3B2949D19DAE36AD /* MediaPlayer.framework */,
				E41D2E0D6A994EC4B7C379C6 /* MessageUI.framework */,
				2A581FFC27E048B9995966A6 /* OpenGLES.framework */,
				AFF02065C7E34429B720CE6C /* SafariServices.framework */,
				C74A1BC684CA44138A2BDADA /* StoreKit.framework */,
				AE7034BBDC8643F0A1F3529B /* UIKit.framework */,
			);
			name = Frameworks;
			sourceTree = "<group>";
		};
		301BF52E109A57CC0062928A /* Products */ = {
			isa = PBXGroup;
			children = (
				301BF535109A57CC0062928A /* libCordova.a */,
			);
			name = Products;
			sourceTree = "<group>";
		};
		3047A50E1AB8057F00498E2A /* config */ = {
			isa = PBXGroup;
			children = (
				3047A50F1AB8059700498E2A /* build-debug.xcconfig */,
				3047A5101AB8059700498E2A /* build-release.xcconfig */,
				3047A5111AB8059700498E2A /* build.xcconfig */,
			);
			name = config;
			sourceTree = "<group>";
		};
		307C750510C5A3420062BCA9 /* Plugins */ = {
			isa = PBXGroup;
			children = (
				44D28941D7914F939EA8121E /* CDVDevice.m */,
				E265EEAF72184904992DABB1 /* CDVDevice.h */,
				D01B26CBA4724E52910DA3FD /* CDVWKWebViewEngine.m */,
				131894A0AE694D06A8D80902 /* CDVWKWebViewUIDelegate.m */,
				A1210C4A923E4BA68B65FB76 /* CDVWKProcessPoolFactory.m */,
				C010A726BF3E456A85B32270 /* GCDWebServer.m */,
				4E8AB731830D406D89BC4666 /* GCDWebServerConnection.m */,
				B9CEC5EA2996411BAB06089F /* GCDWebServerFunctions.m */,
				DD9C7766FD3A467E892AE5A8 /* GCDWebServerRequest.m */,
				CEE74BD9E6654B7F9244C921 /* GCDWebServerResponse.m */,
				299191B849D44F3CB523F97D /* GCDWebServerDataRequest.m */,
				F8D3472AFD234EB69D339041 /* GCDWebServerFileRequest.m */,
				2484C2D30B2F457E9C7B8803 /* GCDWebServerMultiPartFormRequest.m */,
				5EA79C1601DC4442ADDA0E80 /* GCDWebServerURLEncodedFormRequest.m */,
				119E68EC677D4965AB68C12A /* GCDWebServerDataResponse.m */,
				7D970A41257D4BF5A1B72E41 /* GCDWebServerErrorResponse.m */,
				8CCE8E0711444191A9F56E0B /* GCDWebServerFileResponse.m */,
				246E4A72A67C4552B4C9DA95 /* GCDWebServerStreamedResponse.m */,
				0A7C93F4A03F4B65A662AB9D /* CDVWKWebViewEngine.h */,
				E6C16C1CA876400F9B234020 /* CDVWKWebViewUIDelegate.h */,
				F0CC77FA0999442FB78414C7 /* CDVWKProcessPoolFactory.h */,
				0395BB1F3022480699D914B3 /* GCDWebServer.h */,
				4B337AD752C74ADE81087E2A /* GCDWebServerConnection.h */,
				D8F03A4B365A418BA7664DBD /* GCDWebServerFunctions.h */,
				46E553E22B9146948E750625 /* GCDWebServerHTTPStatusCodes.h */,
				8D1B5D270FC24D6D9107FCD9 /* GCDWebServerPrivate.h */,
				82ED6E6DCAA34E359A066BBF /* GCDWebServerRequest.h */,
				A8B434C3ED5549F89A6AA45D /* GCDWebServerResponse.h */,
				6B5B392A2C6A4138B9EF8DD3 /* GCDWebServerDataRequest.h */,
				A419BB57DF9A471182ED5231 /* GCDWebServerFileRequest.h */,
				AB22798C87C34764833470EA /* GCDWebServerMultiPartFormRequest.h */,
				52C3BF512882412FA7293A6E /* GCDWebServerURLEncodedFormRequest.h */,
				06ED2E94801746A6AA0C4029 /* GCDWebServerDataResponse.h */,
				04ACDD8EC3E54FBCA1A38B28 /* GCDWebServerErrorResponse.h */,
				26B1770DC04C4E4E98125B1F /* GCDWebServerFileResponse.h */,
				56F3C8D57D804B669B1891E4 /* GCDWebServerStreamedResponse.h */,
				4071A011B15941F39C3C711E /* CDVSplashScreen.m */,
				EEFCA368CE51473E857709C2 /* CDVViewController+SplashScreen.m */,
				AA2DD35FAEAB43088D072D85 /* CDVSplashScreen.h */,
				68F2835C7F2049C18026F462 /* CDVViewController+SplashScreen.h */,
				8057F35CB5FD426F8533E75A /* IonicKeyboard.m */,
				67431D488DD74A758212A4E8 /* IonicKeyboard.h */,
				CCC1816AC8014B0F959FBEB4 /* CDVConnection.m */,
				C3F2E586CC9D4E3EAB2601E0 /* CDVReachability.m */,
				3580243555FA4759A28F3844 /* CDVConnection.h */,
				0D3C1728F3E54AD095910B0F /* CDVReachability.h */,
				6BFF761EB8BA41E99F0EAFAD /* SQLitePlugin.m */,
				9AB2A1905CD2422AAAB44B65 /* PSPDFThreadSafeMutableDictionary.m */,
				71F47A34B5794D60A294F6B9 /* sqlite3.c */,
				6D47146B255C4D649D36AE31 /* SQLitePlugin.h */,
				94D72D84B9694EEF8B103565 /* PSPDFThreadSafeMutableDictionary.h */,
				087E17D772DA460992ECE5F4 /* sqlite3.h */,
				00B139CEF92C4328B556905D /* CDVFile.m */,
				C126C39337574284A7DCB952 /* CDVLocalFilesystem.m */,
				9A79322D9D574BC0A1CFB400 /* CDVAssetLibraryFilesystem.m */,
				02B8FED2E9B04C93890BF8C1 /* CDVFile.h */,
				D733BFFFCDBE4B6BB2ADF4D4 /* CDVLocalFilesystem.h */,
				0A018767087B4079A63AF1B3 /* CDVAssetLibraryFilesystem.h */,
				F5E3A4BC027A4B91880A36F7 /* CordovaHttpPlugin.m */,
				34091EB8DAC844BFA2565782 /* TextResponseSerializer.m */,
				9B5D0C6891244592B3D3C048 /* AFHTTPSessionManager.m */,
				D8757362A9164640AAD301A4 /* AFNetworkReachabilityManager.m */,
				8E8A8E6B7EF1407BB9C56EA8 /* AFSecurityPolicy.m */,
				B42BC8F83E7D457CA4D58B13 /* AFURLRequestSerialization.m */,
				79AFBE8A58F144308001A53B /* AFURLResponseSerialization.m */,
				A8447CFCBE3E4532A6BB25B4 /* AFURLSessionManager.m */,
				F0D66719E5CC450597E9B3B1 /* CordovaHttpPlugin.h */,
				DA0D8EDAB5ED42D5A29DCDEA /* TextResponseSerializer.h */,
				2B693E0D85D747BEB407F24F /* AFHTTPSessionManager.h */,
				39D026499A1148B4BFA017B8 /* AFNetworking.h */,
				87AA9242E5204185B2AD6BBF /* AFNetworkReachabilityManager.h */,
				E552AACCE20147D78B892305 /* AFSecurityPolicy.h */,
				229DB4C709C945FB9224CDB0 /* AFURLRequestSerialization.h */,
				9E268A0F441D4F1E927A1D71 /* AFURLResponseSerialization.h */,
				397A124FA3DB4D6C803FE97E /* AFURLSessionManager.h */,
				FCDFDB47FDE44721B90FDE44 /* CDVBarcodeScanner.mm */,
				E28853269BEA42D299B00EE6 /* zxing-all-in-one.cpp */,
				40CCFA606A1243199FE616A9 /* zxing-all-in-one.h */,
				78A66260B4E64FC389DC3D41 /* Toast+UIView.m */,
				75DDAA9D03FC4F438A272C90 /* Toast.m */,
				0E570CEC78AA4914BF3BC8BF /* Toast+UIView.h */,
				2E21559984EA41789E9FA20E /* Toast.h */,
				0914A068CAB442188579FE89 /* CDVAdMob.m */,
				A117AE01EF2E449F9FB39C77 /* CDVAdMob.h */,
			);
			name = Plugins;
			path = "MyApp/Plugins";
			sourceTree = SOURCE_ROOT;
		};
		EB87FDF11871DA420020F90C /* Staging */ = {
			isa = PBXGroup;
			children = (
				F840E1F0165FE0F500CFE078 /* config.xml */,
				301BF56E109A69640062928A /* www */,
			);
			name = Staging;
			sourceTree = "<group>";
		};
/* End PBXGroup section */

/* Begin PBXNativeTarget section */
		1D6058900D05DD3D006BFB54 /* MyApp */ = {
			isa = PBXNativeTarget;
			buildConfigurationList = 1D6058960D05DD3E006BFB54 /* Build configuration list for PBXNativeTarget "MyApp" */;
			buildPhases = (
				304B58A110DAC018002A0835 /* Copy www directory */,
				1D60588D0D05DD3D006BFB54 /* Resources */,
				1D60588E0D05DD3D006BFB54 /* Sources */,
				1D60588F0D05DD3D006BFB54 /* Frameworks */,
			);
			buildRules = (
			);
			dependencies = (
				301BF551109A68C00062928A /* PBXTargetDependency */,
			);
			name = "MyApp";
			productName = "MyApp";
			productReference = 1D6058910D05DD3D006BFB54 /* MyApp.app */;
			productType = "com.apple.product-type.application";
		};
/* End PBXNativeTarget section */

/* Begin PBXProject section */
		29B97313FDCFA39411CA2CEA /* Project object */ = {
			isa = PBXProject;
			attributes = {
				LastUpgradeCheck = 510;
			};
			buildConfigurationList = C01FCF4E08A954540054247B /* Build configuration list for PBXProject "__NON-CLI__" */;
			compatibilityVersion = "Xcode 3.2";
			developmentRegion = English;
			hasScannedForEncodings = 1;
			mainGroup = 29B97314FDCFA39411CA2CEA /* CustomTemplate */;
			projectDirPath = "";
			projectReferences = (
				{
					ProductGroup = 301BF52E109A57CC0062928A /* Products */;
					ProjectRef = 301BF52D109A57CC0062928A /* CordovaLib.xcodeproj */;
				},
			);
			projectRoot = "";
			targets = (
				1D6058900D05DD3D006BFB54 /* MyApp */,
			);
		};
/* End PBXProject section */

/* Begin PBXReferenceProxy section */
		301BF535109A57CC0062928A /* libCordova.a */ = {
			isa = PBXReferenceProxy;
			fileType = archive.ar;
			path = libCordova.a;
			remoteRef = 301BF534109A57CC0062928A /* PBXContainerItemProxy */;
			sourceTree = BUILT_PRODUCTS_DIR;
		};
/* End PBXReferenceProxy section */

/* Begin PBXResourcesBuildPhase section */
		1D60588D0D05DD3D006BFB54 /* Resources */ = {
			isa = PBXResourcesBuildPhase;
			buildActionMask = 2147483647;
			files = (
				302D95F214D2391D003F00A1 /* MainViewController.xib in Resources */,
				0207DA581B56EA530066E2B4 /* Images.xcassets in Resources */,
				6AFF5BF91D6E424B00AB3073 /* CDVLaunchScreen.storyboard in Resources */,
				6E1E1ACFD93A40DA875E15F9 /* scannerOverlay.xib in Resources */,
				BD77A145EA9B439BA27F52A5 /* CDVBarcodeScanner.bundle in Resources */,
			);
			runOnlyForDeploymentPostprocessing = 0;
		};
/* End PBXResourcesBuildPhase section */

/* Begin PBXShellScriptBuildPhase section */
		304B58A110DAC018002A0835 /* Copy www directory */ = {
			isa = PBXShellScriptBuildPhase;
			buildActionMask = 2147483647;
			files = (
			);
			inputPaths = (
			);
			name = "Copy www directory";
			outputPaths = (
			);
			runOnlyForDeploymentPostprocessing = 0;
			shellPath = /bin/sh;
			shellScript = "NODEJS_PATH=/usr/local/bin; NVM_NODE_PATH=~/.nvm/versions/node/`nvm version 2>/dev/null`/bin; N_NODE_PATH=`find /usr/local/n/versions/node/* -maxdepth 0 -type d 2>/dev/null | tail -1`/bin; XCODE_NODE_PATH=`xcode-select --print-path`/usr/share/xcs/Node/bin; PATH=$NODEJS_PATH:$NVM_NODE_PATH:$N_NODE_PATH:$XCODE_NODE_PATH:$PATH && node cordova/lib/copy-www-build-step.js";
			showEnvVarsInLog = 0;
		};
/* End PBXShellScriptBuildPhase section */

/* Begin PBXSourcesBuildPhase section */
		1D60588E0D05DD3D006BFB54 /* Sources */ = {
			isa = PBXSourcesBuildPhase;
			buildActionMask = 2147483647;
			files = (
				1D60589B0D05DD56006BFB54 /* main.m in Sources */,
				1D3623260D0F684500981E51 /* AppDelegate.m in Sources */,
				302D95F114D2391D003F00A1 /* MainViewController.m in Sources */,
				ACE590FC368E4F88A14736DC /* CDVDevice.m in Sources */,
				63F652A05C9F4A54B3E675CE /* CDVWKWebViewEngine.m in Sources */,
				A889E594AE9B4784B8C47514 /* CDVWKWebViewUIDelegate.m in Sources */,
				D73D9B4033F145DBAB2B9131 /* CDVWKProcessPoolFactory.m in Sources */,
				CC1C937091024D41B3C22913 /* GCDWebServer.m in Sources */,
				32F8F59F0D66497682DA1DD5 /* GCDWebServerConnection.m in Sources */,
				6B1F7A4B456F4AEDB8F90295 /* GCDWebServerFunctions.m in Sources */,
				C8D704DFE2AB468787B49D00 /* GCDWebServerRequest.m in Sources */,
				70C4EF7C9A8A4EE5AF9D9752 /* GCDWebServerResponse.m in Sources */,
				ED3FB6AA1D334B55846091D3 /* GCDWebServerDataRequest.m in Sources */,
				CCE4F02AD0FF4CDFA95A5EE7 /* GCDWebServerFileRequest.m in Sources */,
				9D04E4018E2D415898014C95 /* GCDWebServerMultiPartFormRequest.m in Sources */,
				0109031C564241098F7D5B13 /* GCDWebServerURLEncodedFormRequest.m in Sources */,
				E012C0B37F154DCD921AEBDF /* GCDWebServerDataResponse.m in Sources */,
				05E35ACC41F94CF5B328884B /* GCDWebServerErrorResponse.m in Sources */,
				F73ADF03CB7449BBBC69D840 /* GCDWebServerFileResponse.m in Sources */,
				3ACA540348E0457B919E6AA0 /* GCDWebServerStreamedResponse.m in Sources */,
				048337338E0449BD94C0B358 /* CDVSplashScreen.m in Sources */,
				9CAC7F5FF6B046FA8DD356B8 /* CDVViewController+SplashScreen.m in Sources */,
				72C7ABE6258E4312970EBBC9 /* IonicKeyboard.m in Sources */,
				3204226C987341D9A5FECCE8 /* CDVConnection.m in Sources */,
				8560B88926434C1695D57086 /* CDVReachability.m in Sources */,
				BF6AC1C0764447D9860A8596 /* SQLitePlugin.m in Sources */,
				5950C26F7F1243388259A66D /* PSPDFThreadSafeMutableDictionary.m in Sources */,
				C2BF7F13E935439D9C45E2DD /* sqlite3.c in Resources */,
				1E3450FF68CF4781BEC8D537 /* CDVFile.m in Sources */,
				A8FFB5D4AD1C4CBC90B0F56A /* CDVLocalFilesystem.m in Sources */,
				4E831679B9764555B12EC6C2 /* CDVAssetLibraryFilesystem.m in Sources */,
				41A5ED1BA0344A21947B0216 /* CordovaHttpPlugin.m in Sources */,
				0D1520C340574C06B0A7E74D /* TextResponseSerializer.m in Sources */,
				30E66A95F3674BB093E4A086 /* AFHTTPSessionManager.m in Sources */,
				E2BAD880EADA4F428D489769 /* AFNetworkReachabilityManager.m in Sources */,
				50B91DCD83F14219BA88FBBB /* AFSecurityPolicy.m in Sources */,
				31E0B7DA9FD44654B386E4D4 /* AFURLRequestSerialization.m in Sources */,
				5F273150CA1743119406862F /* AFURLResponseSerialization.m in Sources */,
				0990917855D0488392DDF17D /* AFURLSessionManager.m in Sources */,
				F540F574BC6E46D287121686 /* CDVBarcodeScanner.mm in Resources */,
				84BE53E2B212464FBFF54CC9 /* zxing-all-in-one.cpp in Resources */,
				CDA46AA0A9904DDEAB59AB5B /* Toast+UIView.m in Sources */,
				6C144B5A5D404F7E8A8CB480 /* Toast.m in Sources */,
				82BA0F0971C6422E82D2EE90 /* CDVAdMob.m in Sources */,
			);
			runOnlyForDeploymentPostprocessing = 0;
		};
/* End PBXSourcesBuildPhase section */

/* Begin PBXTargetDependency section */
		301BF551109A68C00062928A /* PBXTargetDependency */ = {
			isa = PBXTargetDependency;
			name = CordovaLib;
			targetProxy = 301BF550109A68C00062928A /* PBXContainerItemProxy */;
		};
/* End PBXTargetDependency section */

/* Begin XCBuildConfiguration section */
		1D6058940D05DD3E006BFB54 /* Debug */ = {
			isa = XCBuildConfiguration;
			baseConfigurationReference = 3047A50F1AB8059700498E2A /* build-debug.xcconfig */;
			buildSettings = {
				ALWAYS_SEARCH_USER_PATHS = NO;
				ASSETCATALOG_COMPILER_APPICON_NAME = AppIcon;
				ASSETCATALOG_COMPILER_LAUNCHIMAGE_NAME = LaunchImage;
				CLANG_ENABLE_MODULES = YES;
				CLANG_ENABLE_OBJC_ARC = YES;
				COPY_PHASE_STRIP = NO;
				GCC_DYNAMIC_NO_PIC = NO;
				GCC_OPTIMIZATION_LEVEL = 0;
				GCC_PRECOMPILE_PREFIX_HEADER = YES;
				GCC_PREFIX_HEADER = "MyApp/MyApp-Prefix.pch";
				GCC_THUMB_SUPPORT = NO;
				GCC_VERSION = "";
				INFOPLIST_FILE = "MyApp/MyApp-Info.plist";
				IPHONEOS_DEPLOYMENT_TARGET = 9.0;
				LD_RUNPATH_SEARCH_PATHS = "@executable_path/Frameworks";
				TARGETED_DEVICE_FAMILY = "1,2";
				PRODUCT_NAME = "MyApp";
				FRAMEWORK_SEARCH_PATHS = (
					"$(inherited)",
					"\"MyApp/Plugins/cordova-admob-sdk\"",
				);
			};
			name = Debug;
		};
		1D6058950D05DD3E006BFB54 /* Release */ = {
			isa = XCBuildConfiguration;
			baseConfigurationReference = 3047A5101AB8059700498E2A /* build-release.xcconfig */;
			buildSettings = {
				ALWAYS_SEARCH_USER_PATHS = NO;
				ASSETCATALOG_COMPILER_APPICON_NAME = AppIcon;
				ASSETCATALOG_COMPILER_LAUNCHIMAGE_NAME = LaunchImage;
				CLANG_ENABLE_MODULES = YES;
				CLANG_ENABLE_OBJC_ARC = YES;
				COPY_PHASE_STRIP = YES;
				GCC_PRECOMPILE_PREFIX_HEADER = YES;
				GCC_PREFIX_HEADER = "MyApp/MyApp-Prefix.pch";
				GCC_THUMB_SUPPORT = NO;
				GCC_VERSION = "";
				INFOPLIST_FILE = "MyApp/MyApp-Info.plist";
				IPHONEOS_DEPLOYMENT_TARGET = 9.0;
				LD_RUNPATH_SEARCH_PATHS = "@executable_path/Frameworks";
				TARGETED_DEVICE_FAMILY = "1,2";
				PRODUCT_NAME = "MyApp";
				FRAMEWORK_SEARCH_PATHS = (
					"$(inherited)",
					"\"MyApp/Plugins/cordova-admob-sdk\"",
				);
			};
			name = Release;
		};
		C01FCF4F08A954540054247B /* Debug */ = {
			isa = XCBuildConfiguration;
			baseConfigurationReference = 3047A5111AB8059700498E2A /* build.xcconfig */;
			buildSettings = {
				CLANG_ENABLE_MODULES = YES;
				CLANG_ENABLE_OBJC_ARC = YES;
				CLANG_WARN_BOOL_CONVERSION = YES;
				CLANG_WARN_CONSTANT_CONVERSION = YES;
				CLANG_WARN_EMPTY_BODY = YES;
				CLANG_WARN_ENUM_CONVERSION = YES;
				CLANG_WARN_INT_CONVERSION = YES;
				CLANG_WARN__DUPLICATE_METHOD_MATCH = YES;
				GCC_C_LANGUAGE_STANDARD = c99;
				GCC_THUMB_SUPPORT = NO;
				GCC_VERSION = "";
				GCC_WARN_ABOUT_RETURN_TYPE = YES;
				GCC_WARN_UNDECLARED_SELECTOR = YES;
				GCC_WARN_UNINITIALIZED_AUTOS = YES;
				GCC_WARN_UNUSED_FUNCTION = YES;
				GCC_WARN_UNUSED_VARIABLE = YES;
				ONLY_ACTIVE_ARCH = YES;
				SDKROOT = iphoneos;
				SKIP_INSTALL = NO;
			};
			name = Debug;
		};
		C01FCF5008A954540054247B /* Release */ = {
			isa = XCBuildConfiguration;
			baseConfigurationReference = 3047A5111AB8059700498E2A /* build.xcconfig */;
			buildSettings = {
				CLANG_ENABLE_MODULES = YES;
				CLANG_ENABLE_OBJC_ARC = YES;
				CLANG_WARN_BOOL_CONVERSION = YES;
				CLANG_WARN_CONSTANT_CONVERSION = YES;
				CLANG_WARN_EMPTY_BODY = YES;
				CLANG_WARN_ENUM_CONVERSION = YES;
				CLANG_WARN_INT_CONVERSION = YES;
				CLANG_WARN__DUPLICATE_METHOD_MATCH = YES;
				GCC_C_LANGUAGE_STANDARD = c99;
				GCC_THUMB_SUPPORT = NO;
				GCC_VERSION = "";
				GCC_WARN_ABOUT_RETURN_TYPE = YES;
				GCC_WARN_UNDECLARED_SELECTOR = YES;
				GCC_WARN_UNINITIALIZED_AUTOS = YES;
				GCC_WARN_UNUSED_FUNCTION = YES;
				GCC_WARN_UNUSED_VARIABLE = YES;
				SDKROOT = iphoneos;
				SKIP_INSTALL = NO;
			};
			name = Release;
		};
/* End XCBuildConfiguration section */

/* Begin XCConfigurationList section */
		1D6058960D05DD3E006BFB54 /* Build configuration list for PBXNativeTarget "MyApp" */ = {
			isa = XCConfigurationList;
			buildConfigurations = (
				1D6058940D05DD3E006BFB54 /* Debug */,
				1D6058950D05DD3E006BFB54 /* Release */,
			);
			defaultConfigurationIsVisible = 0;
			defaultConfigurationName = Release;
		};
		C01FCF4E08A954540054247B /* Build configuration list for PBXProject "__NON-CLI__" */ = {
			isa = XCConfigurationList;
			buildConfigurations = (
				C01FCF4F08A954540054247B /* Debug */,
				C01FCF5008A954540054247B /* Release */,
			);
			defaultConfigurationIsVisible = 0;
			defaultConfigurationName = Release;
		};
/* End XCConfigurationList section */
	};
	rootObject = 29B97313FDCFA39411CA2CEA /* Project object */;
}
